# THIS IS AN AUTOGENERATED FILE. DO NOT EDIT THIS FILE DIRECTLY.
# yarn lockfile v1


asap@~2.0.6:
  version "2.0.6"
  resolved "https://registry.yarnpkg.com/asap/-/asap-2.0.6.tgz#e50347611d7e690943208bbdafebcbc2fb866d46"
  integrity sha512-BSHWgDSAiKs50o2Re8ppvp3seVHXSRM44cdSsT9FfNEUUZLOGWVCsiWaRPWM1Znn+mqZ1OfVZ3z3DWEzSp7hRA==

date-utilz@^0.0.3:
  version "0.0.3"
  resolved "https://registry.yarnpkg.com/date-utilz/-/date-utilz-0.0.3.tgz#b39c5e20246a7313ac63f5a2f0b0a975307e5640"
  integrity sha512-dXTX4tRENsRmn17GlOgrb3GIrNClZhE6Qw9tmWh5WjGJ/1FCallAJPbq3hbCqmQxISUsUx12dRGf9IziPw/HxQ==
  dependencies:
    string-utilz "^1.4.0"

output-manager@^3.1.0:
  version "3.1.0"
  resolved "https://registry.yarnpkg.com/output-manager/-/output-manager-3.1.0.tgz#d78b489cc33c358cba2fd370229846b19935b73a"
  integrity sha512-TBZRtohuFSK+Exn9VFtm7l4MvHstFtEH3uXMsHQE5LqyOhGnw1odQnVHdVTz792StPn9rywaSAdNQ2SsoBUunA==
  dependencies:
    date-utilz "^0.0.3"
    string-utilz "^1.4.0"

promise@^8.1.0:
  version "8.2.0"
  resolved "https://registry.yarnpkg.com/promise/-/promise-8.2.0.tgz#a1f6280ab67457fbfc8aad2b198c9497e9e5c806"
  integrity sha512-+CMAlLHqwRYwBMXKCP+o8ns7DN+xHDUiI+0nArsiJ9y+kJVPLFxEaSw6Ha9s9H0tftxg2Yzl25wqj9G7m5wLZg==
  dependencies:
    asap "~2.0.6"

server-lite@^2.0.0:
  version "2.0.0"
  resolved "https://registry.yarnpkg.com/server-lite/-/server-lite-2.0.0.tgz#f4908651a114ed23ffcdf4072fc835e2a1d77c0f"
  integrity sha512-oHF4D8iLZLXlnrEb0glwuMXbnM78gGFkOFh+djdHI3jCE1clmBjlo3badw66NsB7VuWhHIIhLQbkmFJGl6t/+g==
  dependencies:
    date-utilz "^0.0.3"
    output-manager "^3.1.0"
    promise "^8.1.0"
    string-utilz "^1.4.0"

string-utilz@^1.4.0:
  version "1.4.0"
  resolved "https://registry.yarnpkg.com/string-utilz/-/string-utilz-1.4.0.tgz#366354acdc20a601bb7d73d7ce615fe8361e3573"
  integrity sha512-VRQvdjA1l2Nq/nXHSRvFx+A376aUqoT0K4BFzHlqn7mRW9V34tzermXM7nqzREBDZnfd4mTqSX7kIdWAnIXsmw==
